
Microsoft Visual Studio Solution File, Format Version 12.00
# Visual Studio Version 17
VisualStudioVersion = 17.14.36301.6 d17.14
MinimumVisualStudioVersion = 10.0.40219.1
Project("{FAE04EC0-301F-11D3-BF4B-00C04F79EFBC}") = "CafeteriaProject", "CafeteriaProject\CafeteriaProject.csproj", "{4CE67ED6-83D2-4427-97C9-B51C71C3EC41}"
EndProject
Global
	GlobalSection(SolutionConfigurationPlatforms) = preSolution
		Debug|Any CPU = Debug|Any CPU
		Release|Any CPU = Release|Any CPU
	EndGlobalSection
	GlobalSection(ProjectConfigurationPlatforms) = postSolution
		{4CE67ED6-83D2-4427-97C9-B51C71C3EC41}.Debug|Any CPU.ActiveCfg = Debug|Any CPU
		{4CE67ED6-83D2-4427-97C9-B51C71C3EC41}.Debug|Any CPU.Build.0 = Debug|Any CPU
		{4CE67ED6-83D2-4427-97C9-B51C71C3EC41}.Release|Any CPU.ActiveCfg = Release|Any CPU
		{4CE67ED6-83D2-4427-97C9-B51C71C3EC41}.Release|Any CPU.Build.0 = Release|Any CPU
	EndGlobalSection
	GlobalSection(SolutionProperties) = preSolution
		HideSolutionNode = FALSE
	EndGlobalSection
	GlobalSection(ExtensibilityGlobals) = postSolution
		SolutionGuid = {5138FD11-316A-4FD7-98D3-80D7541965FC}
	EndGlobalSection
EndGlobal
